
Microsoft Visual Studio Solution File, Format Version 12.00
# Visual Studio Version 17
VisualStudioVersion = 17.11.35303.130
MinimumVisualStudioVersion = 10.0.40219.1
Project("{FAE04EC0-301F-11D3-BF4B-00C04F79EFBC}") = "LacoForeach", "LacoForeach.csproj", "{B406045D-F149-4C27-A573-C97016A278EC}"
EndProject
Global
	GlobalSection(SolutionConfigurationPlatforms) = preSolution
		Debug|Any CPU = Debug|Any CPU
		Release|Any CPU = Release|Any CPU
	EndGlobalSection
	GlobalSection(ProjectConfigurationPlatforms) = postSolution
		{B406045D-F149-4C27-A573-C97016A278EC}.Debug|Any CPU.ActiveCfg = Debug|Any CPU
		{B406045D-F149-4C27-A573-C97016A278EC}.Debug|Any CPU.Build.0 = Debug|Any CPU
		{B406045D-F149-4C27-A573-C97016A278EC}.Release|Any CPU.ActiveCfg = Release|Any CPU
		{B406045D-F149-4C27-A573-C97016A278EC}.Release|Any CPU.Build.0 = Release|Any CPU
	EndGlobalSection
	GlobalSection(SolutionProperties) = preSolution
		HideSolutionNode = FALSE
	EndGlobalSection
	GlobalSection(ExtensibilityGlobals) = postSolution
		SolutionGuid = {1C0742A8-E596-4585-AA24-1833E6466FA1}
	EndGlobalSection
EndGlobal
