
Microsoft Visual Studio Solution File, Format Version 12.00
# Visual Studio Version 17
VisualStudioVersion = 17.11.35303.130
MinimumVisualStudioVersion = 10.0.40219.1
Project("{FAE04EC0-301F-11D3-BF4B-00C04F79EFBC}") = "ExercicoFixação", "ExercicoFixação.csproj", "{E3D5F417-B292-4206-AFD8-5FB37B4035DD}"
EndProject
Global
	GlobalSection(SolutionConfigurationPlatforms) = preSolution
		Debug|Any CPU = Debug|Any CPU
		Release|Any CPU = Release|Any CPU
	EndGlobalSection
	GlobalSection(ProjectConfigurationPlatforms) = postSolution
		{E3D5F417-B292-4206-AFD8-5FB37B4035DD}.Debug|Any CPU.ActiveCfg = Debug|Any CPU
		{E3D5F417-B292-4206-AFD8-5FB37B4035DD}.Debug|Any CPU.Build.0 = Debug|Any CPU
		{E3D5F417-B292-4206-AFD8-5FB37B4035DD}.Release|Any CPU.ActiveCfg = Release|Any CPU
		{E3D5F417-B292-4206-AFD8-5FB37B4035DD}.Release|Any CPU.Build.0 = Release|Any CPU
	EndGlobalSection
	GlobalSection(SolutionProperties) = preSolution
		HideSolutionNode = FALSE
	EndGlobalSection
	GlobalSection(ExtensibilityGlobals) = postSolution
		SolutionGuid = {C389AAFF-6796-4B80-8213-B6E7B8810DD9}
	EndGlobalSection
EndGlobal
