
Microsoft Visual Studio Solution File, Format Version 12.00
# Visual Studio Version 17
VisualStudioVersion = 17.11.35303.130
MinimumVisualStudioVersion = 10.0.40219.1
Project("{FAE04EC0-301F-11D3-BF4B-00C04F79EFBC}") = "HerdarVsCumprirContrato", "HerdarVsCumprirContrato.csproj", "{0E9188E9-8324-40D3-8A63-C1D787C44387}"
EndProject
Global
	GlobalSection(SolutionConfigurationPlatforms) = preSolution
		Debug|Any CPU = Debug|Any CPU
		Release|Any CPU = Release|Any CPU
	EndGlobalSection
	GlobalSection(ProjectConfigurationPlatforms) = postSolution
		{0E9188E9-8324-40D3-8A63-C1D787C44387}.Debug|Any CPU.ActiveCfg = Debug|Any CPU
		{0E9188E9-8324-40D3-8A63-C1D787C44387}.Debug|Any CPU.Build.0 = Debug|Any CPU
		{0E9188E9-8324-40D3-8A63-C1D787C44387}.Release|Any CPU.ActiveCfg = Release|Any CPU
		{0E9188E9-8324-40D3-8A63-C1D787C44387}.Release|Any CPU.Build.0 = Release|Any CPU
	EndGlobalSection
	GlobalSection(SolutionProperties) = preSolution
		HideSolutionNode = FALSE
	EndGlobalSection
	GlobalSection(ExtensibilityGlobals) = postSolution
		SolutionGuid = {A3D9BD9C-598A-4624-AB3E-6459B0CAF1AD}
	EndGlobalSection
EndGlobal
