
Microsoft Visual Studio Solution File, Format Version 12.00
# Visual Studio Version 17
VisualStudioVersion = 17.11.35303.130
MinimumVisualStudioVersion = 10.0.40219.1
Project("{FAE04EC0-301F-11D3-BF4B-00C04F79EFBC}") = "ProjetoPintura", "ProjetoPintura.csproj", "{79796ABA-6CB3-4C7C-8ADF-15FEA1CCF6A7}"
EndProject
Global
	GlobalSection(SolutionConfigurationPlatforms) = preSolution
		Debug|Any CPU = Debug|Any CPU
		Release|Any CPU = Release|Any CPU
	EndGlobalSection
	GlobalSection(ProjectConfigurationPlatforms) = postSolution
		{79796ABA-6CB3-4C7C-8ADF-15FEA1CCF6A7}.Debug|Any CPU.ActiveCfg = Debug|Any CPU
		{79796ABA-6CB3-4C7C-8ADF-15FEA1CCF6A7}.Debug|Any CPU.Build.0 = Debug|Any CPU
		{79796ABA-6CB3-4C7C-8ADF-15FEA1CCF6A7}.Release|Any CPU.ActiveCfg = Release|Any CPU
		{79796ABA-6CB3-4C7C-8ADF-15FEA1CCF6A7}.Release|Any CPU.Build.0 = Release|Any CPU
	EndGlobalSection
	GlobalSection(SolutionProperties) = preSolution
		HideSolutionNode = FALSE
	EndGlobalSection
	GlobalSection(ExtensibilityGlobals) = postSolution
		SolutionGuid = {D79A1E1B-127A-4918-B275-F4BE7D9D06A9}
	EndGlobalSection
EndGlobal
