
Microsoft Visual Studio Solution File, Format Version 12.00
# Visual Studio Version 17
VisualStudioVersion = 17.11.35303.130
MinimumVisualStudioVersion = 10.0.40219.1
Project("{FAE04EC0-301F-11D3-BF4B-00C04F79EFBC}") = "ExercicioGenerics", "ExercicioGenerics.csproj", "{CDDEAB6E-7EC1-40E5-BE9E-5AE921E2E819}"
EndProject
Global
	GlobalSection(SolutionConfigurationPlatforms) = preSolution
		Debug|Any CPU = Debug|Any CPU
		Release|Any CPU = Release|Any CPU
	EndGlobalSection
	GlobalSection(ProjectConfigurationPlatforms) = postSolution
		{CDDEAB6E-7EC1-40E5-BE9E-5AE921E2E819}.Debug|Any CPU.ActiveCfg = Debug|Any CPU
		{CDDEAB6E-7EC1-40E5-BE9E-5AE921E2E819}.Debug|Any CPU.Build.0 = Debug|Any CPU
		{CDDEAB6E-7EC1-40E5-BE9E-5AE921E2E819}.Release|Any CPU.ActiveCfg = Release|Any CPU
		{CDDEAB6E-7EC1-40E5-BE9E-5AE921E2E819}.Release|Any CPU.Build.0 = Release|Any CPU
	EndGlobalSection
	GlobalSection(SolutionProperties) = preSolution
		HideSolutionNode = FALSE
	EndGlobalSection
	GlobalSection(ExtensibilityGlobals) = postSolution
		SolutionGuid = {FA9E8561-DBB9-4AF4-B6CF-EF4C89685A25}
	EndGlobalSection
EndGlobal
