
Microsoft Visual Studio Solution File, Format Version 12.00
# Visual Studio Version 17
VisualStudioVersion = 17.9.34723.18
MinimumVisualStudioVersion = 10.0.40219.1
Project("{FAE04EC0-301F-11D3-BF4B-00C04F79EFBC}") = "NumerosAritimetricos", "NumerosAritimetricos.csproj", "{ADA80DDB-33E7-416E-86DB-2432DD5DFF31}"
EndProject
Global
	GlobalSection(SolutionConfigurationPlatforms) = preSolution
		Debug|Any CPU = Debug|Any CPU
		Release|Any CPU = Release|Any CPU
	EndGlobalSection
	GlobalSection(ProjectConfigurationPlatforms) = postSolution
		{ADA80DDB-33E7-416E-86DB-2432DD5DFF31}.Debug|Any CPU.ActiveCfg = Debug|Any CPU
		{ADA80DDB-33E7-416E-86DB-2432DD5DFF31}.Debug|Any CPU.Build.0 = Debug|Any CPU
		{ADA80DDB-33E7-416E-86DB-2432DD5DFF31}.Release|Any CPU.ActiveCfg = Release|Any CPU
		{ADA80DDB-33E7-416E-86DB-2432DD5DFF31}.Release|Any CPU.Build.0 = Release|Any CPU
	EndGlobalSection
	GlobalSection(SolutionProperties) = preSolution
		HideSolutionNode = FALSE
	EndGlobalSection
	GlobalSection(ExtensibilityGlobals) = postSolution
		SolutionGuid = {A32A9C62-555D-4A73-B009-AF5E01416026}
	EndGlobalSection
EndGlobal
