
Microsoft Visual Studio Solution File, Format Version 12.00
# Visual Studio Version 17
VisualStudioVersion = 17.11.35303.130
MinimumVisualStudioVersion = 10.0.40219.1
Project("{FAE04EC0-301F-11D3-BF4B-00C04F79EFBC}") = "MetodosAbstratos", "MetodosAbstratos.csproj", "{7B0A800F-D2F9-4329-A3C6-96CDAA22B6A6}"
EndProject
Global
	GlobalSection(SolutionConfigurationPlatforms) = preSolution
		Debug|Any CPU = Debug|Any CPU
		Release|Any CPU = Release|Any CPU
	EndGlobalSection
	GlobalSection(ProjectConfigurationPlatforms) = postSolution
		{7B0A800F-D2F9-4329-A3C6-96CDAA22B6A6}.Debug|Any CPU.ActiveCfg = Debug|Any CPU
		{7B0A800F-D2F9-4329-A3C6-96CDAA22B6A6}.Debug|Any CPU.Build.0 = Debug|Any CPU
		{7B0A800F-D2F9-4329-A3C6-96CDAA22B6A6}.Release|Any CPU.ActiveCfg = Release|Any CPU
		{7B0A800F-D2F9-4329-A3C6-96CDAA22B6A6}.Release|Any CPU.Build.0 = Release|Any CPU
	EndGlobalSection
	GlobalSection(SolutionProperties) = preSolution
		HideSolutionNode = FALSE
	EndGlobalSection
	GlobalSection(ExtensibilityGlobals) = postSolution
		SolutionGuid = {CB520873-2A55-483F-AFE9-7DB0A174B41F}
	EndGlobalSection
EndGlobal
