
Microsoft Visual Studio Solution File, Format Version 12.00
# Visual Studio Version 17
VisualStudioVersion = 17.11.35303.130
MinimumVisualStudioVersion = 10.0.40219.1
Project("{FAE04EC0-301F-11D3-BF4B-00C04F79EFBC}") = "Hashset", "Hashset.csproj", "{FEF32D22-E793-4289-87D7-52F322748958}"
EndProject
Global
	GlobalSection(SolutionConfigurationPlatforms) = preSolution
		Debug|Any CPU = Debug|Any CPU
		Release|Any CPU = Release|Any CPU
	EndGlobalSection
	GlobalSection(ProjectConfigurationPlatforms) = postSolution
		{FEF32D22-E793-4289-87D7-52F322748958}.Debug|Any CPU.ActiveCfg = Debug|Any CPU
		{FEF32D22-E793-4289-87D7-52F322748958}.Debug|Any CPU.Build.0 = Debug|Any CPU
		{FEF32D22-E793-4289-87D7-52F322748958}.Release|Any CPU.ActiveCfg = Release|Any CPU
		{FEF32D22-E793-4289-87D7-52F322748958}.Release|Any CPU.Build.0 = Release|Any CPU
	EndGlobalSection
	GlobalSection(SolutionProperties) = preSolution
		HideSolutionNode = FALSE
	EndGlobalSection
	GlobalSection(ExtensibilityGlobals) = postSolution
		SolutionGuid = {69C08CA1-7663-4EEE-BB62-2157B6D9EE9C}
	EndGlobalSection
EndGlobal
