
Microsoft Visual Studio Solution File, Format Version 12.00
# Visual Studio Version 17
VisualStudioVersion = 17.11.35303.130
MinimumVisualStudioVersion = 10.0.40219.1
Project("{FAE04EC0-301F-11D3-BF4B-00C04F79EFBC}") = "MultiCastDelegates", "MultiCastDelegates.csproj", "{2F38C104-9650-47DB-A77A-DAE0E4C4D7C5}"
EndProject
Global
	GlobalSection(SolutionConfigurationPlatforms) = preSolution
		Debug|Any CPU = Debug|Any CPU
		Release|Any CPU = Release|Any CPU
	EndGlobalSection
	GlobalSection(ProjectConfigurationPlatforms) = postSolution
		{2F38C104-9650-47DB-A77A-DAE0E4C4D7C5}.Debug|Any CPU.ActiveCfg = Debug|Any CPU
		{2F38C104-9650-47DB-A77A-DAE0E4C4D7C5}.Debug|Any CPU.Build.0 = Debug|Any CPU
		{2F38C104-9650-47DB-A77A-DAE0E4C4D7C5}.Release|Any CPU.ActiveCfg = Release|Any CPU
		{2F38C104-9650-47DB-A77A-DAE0E4C4D7C5}.Release|Any CPU.Build.0 = Release|Any CPU
	EndGlobalSection
	GlobalSection(SolutionProperties) = preSolution
		HideSolutionNode = FALSE
	EndGlobalSection
	GlobalSection(ExtensibilityGlobals) = postSolution
		SolutionGuid = {B352B281-14FD-47E9-94E2-C60C7400B9B7}
	EndGlobalSection
EndGlobal
