
Microsoft Visual Studio Solution File, Format Version 12.00
# Visual Studio Version 17
VisualStudioVersion = 17.11.35303.130
MinimumVisualStudioVersion = 10.0.40219.1
Project("{FAE04EC0-301F-11D3-BF4B-00C04F79EFBC}") = "ExcecoesPersonalizadas", "ExcecoesPersonalizadas.csproj", "{FF68DFF5-E0AD-42F5-8763-0B1DC18821F8}"
EndProject
Global
	GlobalSection(SolutionConfigurationPlatforms) = preSolution
		Debug|Any CPU = Debug|Any CPU
		Release|Any CPU = Release|Any CPU
	EndGlobalSection
	GlobalSection(ProjectConfigurationPlatforms) = postSolution
		{FF68DFF5-E0AD-42F5-8763-0B1DC18821F8}.Debug|Any CPU.ActiveCfg = Debug|Any CPU
		{FF68DFF5-E0AD-42F5-8763-0B1DC18821F8}.Debug|Any CPU.Build.0 = Debug|Any CPU
		{FF68DFF5-E0AD-42F5-8763-0B1DC18821F8}.Release|Any CPU.ActiveCfg = Release|Any CPU
		{FF68DFF5-E0AD-42F5-8763-0B1DC18821F8}.Release|Any CPU.Build.0 = Release|Any CPU
	EndGlobalSection
	GlobalSection(SolutionProperties) = preSolution
		HideSolutionNode = FALSE
	EndGlobalSection
	GlobalSection(ExtensibilityGlobals) = postSolution
		SolutionGuid = {0E9F7F21-78BA-4E0B-A77B-9A8818131151}
	EndGlobalSection
EndGlobal
