
Microsoft Visual Studio Solution File, Format Version 12.00
# Visual Studio Version 17
VisualStudioVersion = 17.11.35303.130
MinimumVisualStudioVersion = 10.0.40219.1
Project("{FAE04EC0-301F-11D3-BF4B-00C04F79EFBC}") = "ExercicioLinq", "ExercicioLinq.csproj", "{99991578-BC2B-4572-B463-9156049B4111}"
EndProject
Global
	GlobalSection(SolutionConfigurationPlatforms) = preSolution
		Debug|Any CPU = Debug|Any CPU
		Release|Any CPU = Release|Any CPU
	EndGlobalSection
	GlobalSection(ProjectConfigurationPlatforms) = postSolution
		{99991578-BC2B-4572-B463-9156049B4111}.Debug|Any CPU.ActiveCfg = Debug|Any CPU
		{99991578-BC2B-4572-B463-9156049B4111}.Debug|Any CPU.Build.0 = Debug|Any CPU
		{99991578-BC2B-4572-B463-9156049B4111}.Release|Any CPU.ActiveCfg = Release|Any CPU
		{99991578-BC2B-4572-B463-9156049B4111}.Release|Any CPU.Build.0 = Release|Any CPU
	EndGlobalSection
	GlobalSection(SolutionProperties) = preSolution
		HideSolutionNode = FALSE
	EndGlobalSection
	GlobalSection(ExtensibilityGlobals) = postSolution
		SolutionGuid = {381365D5-03BA-452B-BDD0-F386BABFA1A4}
	EndGlobalSection
EndGlobal
