
Microsoft Visual Studio Solution File, Format Version 12.00
# Visual Studio Version 17
VisualStudioVersion = 17.11.35303.130
MinimumVisualStudioVersion = 10.0.40219.1
Project("{FAE04EC0-301F-11D3-BF4B-00C04F79EFBC}") = "ConsoleApp1", "ConsoleApp1.csproj", "{B8231789-6F1E-440E-ABA3-F2B87BF2D965}"
EndProject
Global
	GlobalSection(SolutionConfigurationPlatforms) = preSolution
		Debug|Any CPU = Debug|Any CPU
		Release|Any CPU = Release|Any CPU
	EndGlobalSection
	GlobalSection(ProjectConfigurationPlatforms) = postSolution
		{B8231789-6F1E-440E-ABA3-F2B87BF2D965}.Debug|Any CPU.ActiveCfg = Debug|Any CPU
		{B8231789-6F1E-440E-ABA3-F2B87BF2D965}.Debug|Any CPU.Build.0 = Debug|Any CPU
		{B8231789-6F1E-440E-ABA3-F2B87BF2D965}.Release|Any CPU.ActiveCfg = Release|Any CPU
		{B8231789-6F1E-440E-ABA3-F2B87BF2D965}.Release|Any CPU.Build.0 = Release|Any CPU
	EndGlobalSection
	GlobalSection(SolutionProperties) = preSolution
		HideSolutionNode = FALSE
	EndGlobalSection
	GlobalSection(ExtensibilityGlobals) = postSolution
		SolutionGuid = {2E2B54C9-4F27-401F-B03B-305B2296F170}
	EndGlobalSection
EndGlobal
