
Microsoft Visual Studio Solution File, Format Version 12.00
# Visual Studio Version 17
VisualStudioVersion = 17.11.35219.272
MinimumVisualStudioVersion = 10.0.40219.1
Project("{FAE04EC0-301F-11D3-BF4B-00C04F79EFBC}") = "LocaçãoAutomovel", "LocaçãoAutomovel.csproj", "{9CE0372B-A299-4173-9016-D3410C318F55}"
EndProject
Global
	GlobalSection(SolutionConfigurationPlatforms) = preSolution
		Debug|Any CPU = Debug|Any CPU
		Release|Any CPU = Release|Any CPU
	EndGlobalSection
	GlobalSection(ProjectConfigurationPlatforms) = postSolution
		{9CE0372B-A299-4173-9016-D3410C318F55}.Debug|Any CPU.ActiveCfg = Debug|Any CPU
		{9CE0372B-A299-4173-9016-D3410C318F55}.Debug|Any CPU.Build.0 = Debug|Any CPU
		{9CE0372B-A299-4173-9016-D3410C318F55}.Release|Any CPU.ActiveCfg = Release|Any CPU
		{9CE0372B-A299-4173-9016-D3410C318F55}.Release|Any CPU.Build.0 = Release|Any CPU
	EndGlobalSection
	GlobalSection(SolutionProperties) = preSolution
		HideSolutionNode = FALSE
	EndGlobalSection
	GlobalSection(ExtensibilityGlobals) = postSolution
		SolutionGuid = {23EB5176-526B-482B-8D09-9ADB8A0A1C1F}
	EndGlobalSection
EndGlobal
