
Microsoft Visual Studio Solution File, Format Version 12.00
# Visual Studio Version 17
VisualStudioVersion = 17.11.35303.130
MinimumVisualStudioVersion = 10.0.40219.1
Project("{FAE04EC0-301F-11D3-BF4B-00C04F79EFBC}") = "Delegates", "Delegates.csproj", "{DD0187B1-E7A5-415F-9F47-E0F9C122F21F}"
EndProject
Global
	GlobalSection(SolutionConfigurationPlatforms) = preSolution
		Debug|Any CPU = Debug|Any CPU
		Release|Any CPU = Release|Any CPU
	EndGlobalSection
	GlobalSection(ProjectConfigurationPlatforms) = postSolution
		{DD0187B1-E7A5-415F-9F47-E0F9C122F21F}.Debug|Any CPU.ActiveCfg = Debug|Any CPU
		{DD0187B1-E7A5-415F-9F47-E0F9C122F21F}.Debug|Any CPU.Build.0 = Debug|Any CPU
		{DD0187B1-E7A5-415F-9F47-E0F9C122F21F}.Release|Any CPU.ActiveCfg = Release|Any CPU
		{DD0187B1-E7A5-415F-9F47-E0F9C122F21F}.Release|Any CPU.Build.0 = Release|Any CPU
	EndGlobalSection
	GlobalSection(SolutionProperties) = preSolution
		HideSolutionNode = FALSE
	EndGlobalSection
	GlobalSection(ExtensibilityGlobals) = postSolution
		SolutionGuid = {3345ED6B-E0F3-437D-A82B-3113180DC947}
	EndGlobalSection
EndGlobal
