
Microsoft Visual Studio Solution File, Format Version 12.00
# Visual Studio Version 17
VisualStudioVersion = 17.11.35303.130
MinimumVisualStudioVersion = 10.0.40219.1
Project("{FAE04EC0-301F-11D3-BF4B-00C04F79EFBC}") = "TratamentoExcecao", "TratamentoExcecao.csproj", "{28B8C89C-52B5-4359-90A0-FC73E715B793}"
EndProject
Global
	GlobalSection(SolutionConfigurationPlatforms) = preSolution
		Debug|Any CPU = Debug|Any CPU
		Release|Any CPU = Release|Any CPU
	EndGlobalSection
	GlobalSection(ProjectConfigurationPlatforms) = postSolution
		{28B8C89C-52B5-4359-90A0-FC73E715B793}.Debug|Any CPU.ActiveCfg = Debug|Any CPU
		{28B8C89C-52B5-4359-90A0-FC73E715B793}.Debug|Any CPU.Build.0 = Debug|Any CPU
		{28B8C89C-52B5-4359-90A0-FC73E715B793}.Release|Any CPU.ActiveCfg = Release|Any CPU
		{28B8C89C-52B5-4359-90A0-FC73E715B793}.Release|Any CPU.Build.0 = Release|Any CPU
	EndGlobalSection
	GlobalSection(SolutionProperties) = preSolution
		HideSolutionNode = FALSE
	EndGlobalSection
	GlobalSection(ExtensibilityGlobals) = postSolution
		SolutionGuid = {5471BC37-8009-49F0-BAF8-813B72790165}
	EndGlobalSection
EndGlobal
