
Microsoft Visual Studio Solution File, Format Version 12.00
# Visual Studio Version 17
VisualStudioVersion = 17.11.35303.130
MinimumVisualStudioVersion = 10.0.40219.1
Project("{FAE04EC0-301F-11D3-BF4B-00C04F79EFBC}") = "UsingBlock", "UsingBlock.csproj", "{273703CD-4C3F-46C7-A496-C14B5D6EE5EC}"
EndProject
Global
	GlobalSection(SolutionConfigurationPlatforms) = preSolution
		Debug|Any CPU = Debug|Any CPU
		Release|Any CPU = Release|Any CPU
	EndGlobalSection
	GlobalSection(ProjectConfigurationPlatforms) = postSolution
		{273703CD-4C3F-46C7-A496-C14B5D6EE5EC}.Debug|Any CPU.ActiveCfg = Debug|Any CPU
		{273703CD-4C3F-46C7-A496-C14B5D6EE5EC}.Debug|Any CPU.Build.0 = Debug|Any CPU
		{273703CD-4C3F-46C7-A496-C14B5D6EE5EC}.Release|Any CPU.ActiveCfg = Release|Any CPU
		{273703CD-4C3F-46C7-A496-C14B5D6EE5EC}.Release|Any CPU.Build.0 = Release|Any CPU
	EndGlobalSection
	GlobalSection(SolutionProperties) = preSolution
		HideSolutionNode = FALSE
	EndGlobalSection
	GlobalSection(ExtensibilityGlobals) = postSolution
		SolutionGuid = {8B617B17-6423-4790-A659-5D8DF7869BED}
	EndGlobalSection
EndGlobal
