
Microsoft Visual Studio Solution File, Format Version 12.00
# Visual Studio Version 17
VisualStudioVersion = 17.9.34723.18
MinimumVisualStudioVersion = 10.0.40219.1
Project("{FAE04EC0-301F-11D3-BF4B-00C04F79EFBC}") = "ProjetoTriangulo", "ProjetoTriangulo.csproj", "{31F0F2DC-42E8-4DD1-999F-D6B36A191CA3}"
EndProject
Global
	GlobalSection(SolutionConfigurationPlatforms) = preSolution
		Debug|Any CPU = Debug|Any CPU
		Release|Any CPU = Release|Any CPU
	EndGlobalSection
	GlobalSection(ProjectConfigurationPlatforms) = postSolution
		{31F0F2DC-42E8-4DD1-999F-D6B36A191CA3}.Debug|Any CPU.ActiveCfg = Debug|Any CPU
		{31F0F2DC-42E8-4DD1-999F-D6B36A191CA3}.Debug|Any CPU.Build.0 = Debug|Any CPU
		{31F0F2DC-42E8-4DD1-999F-D6B36A191CA3}.Release|Any CPU.ActiveCfg = Release|Any CPU
		{31F0F2DC-42E8-4DD1-999F-D6B36A191CA3}.Release|Any CPU.Build.0 = Release|Any CPU
	EndGlobalSection
	GlobalSection(SolutionProperties) = preSolution
		HideSolutionNode = FALSE
	EndGlobalSection
	GlobalSection(ExtensibilityGlobals) = postSolution
		SolutionGuid = {B91463EF-88C9-4CA0-9639-8143D78E4068}
	EndGlobalSection
EndGlobal
