
Microsoft Visual Studio Solution File, Format Version 12.00
# Visual Studio Version 17
VisualStudioVersion = 17.11.35303.130
MinimumVisualStudioVersion = 10.0.40219.1
Project("{FAE04EC0-301F-11D3-BF4B-00C04F79EFBC}") = "DelegateAction", "DelegateAction.csproj", "{DFB7FA74-FD26-4601-B864-DED198804CF4}"
EndProject
Global
	GlobalSection(SolutionConfigurationPlatforms) = preSolution
		Debug|Any CPU = Debug|Any CPU
		Release|Any CPU = Release|Any CPU
	EndGlobalSection
	GlobalSection(ProjectConfigurationPlatforms) = postSolution
		{DFB7FA74-FD26-4601-B864-DED198804CF4}.Debug|Any CPU.ActiveCfg = Debug|Any CPU
		{DFB7FA74-FD26-4601-B864-DED198804CF4}.Debug|Any CPU.Build.0 = Debug|Any CPU
		{DFB7FA74-FD26-4601-B864-DED198804CF4}.Release|Any CPU.ActiveCfg = Release|Any CPU
		{DFB7FA74-FD26-4601-B864-DED198804CF4}.Release|Any CPU.Build.0 = Release|Any CPU
	EndGlobalSection
	GlobalSection(SolutionProperties) = preSolution
		HideSolutionNode = FALSE
	EndGlobalSection
	GlobalSection(ExtensibilityGlobals) = postSolution
		SolutionGuid = {86F1DDFC-B4ED-44B9-8EA5-B455FB35AC57}
	EndGlobalSection
EndGlobal
